
Microsoft Visual Studio Solution File, Format Version 12.00
# Visual Studio Version 17
VisualStudioVersion = 17.1.31903.286
MinimumVisualStudioVersion = 10.0.40219.1
Project("{9A19103F-16F7-4668-BE54-9A1E7A4F7556}") = "LifeBackup.Api", "LifeBackup.Api\LifeBackup.Api.csproj", "{EA170740-778A-457B-8F20-E735DDC5A397}"
EndProject
Project("{9A19103F-16F7-4668-BE54-9A1E7A4F7556}") = "LifeBackup.Core", "LifeBackup.Core\LifeBackup.Core.csproj", "{75455535-4F15-407E-B35F-40C50427E9BF}"
EndProject
Project("{9A19103F-16F7-4668-BE54-9A1E7A4F7556}") = "LifeBackup.Infrastructure", "LifeBackup.Infrastructure\LifeBackup.Infrastructure.csproj", "{3AB64D88-3BBE-47C5-838F-BE8F16F6F919}"
EndProject
Global
	GlobalSection(SolutionConfigurationPlatforms) = preSolution
		Debug|Any CPU = Debug|Any CPU
		Release|Any CPU = Release|Any CPU
	EndGlobalSection
	GlobalSection(ProjectConfigurationPlatforms) = postSolution
		{EA170740-778A-457B-8F20-E735DDC5A397}.Debug|Any CPU.ActiveCfg = Debug|Any CPU
		{EA170740-778A-457B-8F20-E735DDC5A397}.Debug|Any CPU.Build.0 = Debug|Any CPU
		{EA170740-778A-457B-8F20-E735DDC5A397}.Release|Any CPU.ActiveCfg = Release|Any CPU
		{EA170740-778A-457B-8F20-E735DDC5A397}.Release|Any CPU.Build.0 = Release|Any CPU
		{75455535-4F15-407E-B35F-40C50427E9BF}.Debug|Any CPU.ActiveCfg = Debug|Any CPU
		{75455535-4F15-407E-B35F-40C50427E9BF}.Debug|Any CPU.Build.0 = Debug|Any CPU
		{75455535-4F15-407E-B35F-40C50427E9BF}.Release|Any CPU.ActiveCfg = Release|Any CPU
		{75455535-4F15-407E-B35F-40C50427E9BF}.Release|Any CPU.Build.0 = Release|Any CPU
		{3AB64D88-3BBE-47C5-838F-BE8F16F6F919}.Debug|Any CPU.ActiveCfg = Debug|Any CPU
		{3AB64D88-3BBE-47C5-838F-BE8F16F6F919}.Debug|Any CPU.Build.0 = Debug|Any CPU
		{3AB64D88-3BBE-47C5-838F-BE8F16F6F919}.Release|Any CPU.ActiveCfg = Release|Any CPU
		{3AB64D88-3BBE-47C5-838F-BE8F16F6F919}.Release|Any CPU.Build.0 = Release|Any CPU
	EndGlobalSection
	GlobalSection(SolutionProperties) = preSolution
		HideSolutionNode = FALSE
	EndGlobalSection
	GlobalSection(ExtensibilityGlobals) = postSolution
		SolutionGuid = {94DC10F2-7C2A-4FC9-9733-C96B55837F6D}
	EndGlobalSection
EndGlobal
